// !$*UTF8*$!
{
	archiveVersion = 1;
	classes = {
	};
	objectVersion = 46;
	objects = {

/* Begin PBXBuildFile section */
		5829D8E41AEDB24A00EE183F /* AppDelegate.swift in Sources */ = {isa = PBXBuildFile; fileRef = 5829D8E31AEDB24A00EE183F /* AppDelegate.swift */; };
		5829D8E61AEDB24A00EE183F /* ViewController.swift in Sources */ = {isa = PBXBuildFile; fileRef = 5829D8E51AEDB24A00EE183F /* ViewController.swift */; };
		5829D8E91AEDB24A00EE183F /* Main.storyboard in Resources */ = {isa = PBXBuildFile; fileRef = 5829D8E71AEDB24A00EE183F /* Main.storyboard */; };
		5829D8EB1AEDB24A00EE183F /* Images.xcassets in Resources */ = {isa = PBXBuildFile; fileRef = 5829D8EA1AEDB24A00EE183F /* Images.xcassets */; };
		5829D8EE1AEDB24A00EE183F /* LaunchScreen.xib in Resources */ = {isa = PBXBuildFile; fileRef = 5829D8EC1AEDB24A00EE183F /* LaunchScreen.xib */; };
		5829D8FA1AEDB24A00EE183F /* _9RedBalloonsTests.swift in Sources */ = {isa = PBXBuildFile; fileRef = 5829D8F91AEDB24A00EE183F /* _9RedBalloonsTests.swift */; };
/* End PBXBuildFile section */

/* Begin PBXContainerItemProxy section */
		5829D8F41AEDB24A00EE183F /* PBXContainerItemProxy */ = {
			isa = PBXContainerItemProxy;
			containerPortal = 5829D8D61AEDB24A00EE183F /* Project object */;
			proxyType = 1;
			remoteGlobalIDString = 5829D8DD1AEDB24A00EE183F;
			remoteInfo = 99RedBalloons;
		};
/* End PBXContainerItemProxy section */

/* Begin PBXFileReference section */
		5829D8DE1AEDB24A00EE183F /* 99RedBalloons.app */ = {isa = PBXFileReference; explicitFileType = wrapper.application; includeInIndex = 0; path = 99RedBalloons.app; sourceTree = BUILT_PRODUCTS_DIR; };
		5829D8E21AEDB24A00EE183F /* Info.plist */ = {isa = PBXFileReference; lastKnownFileType = text.plist.xml; path = Info.plist; sourceTree = "<group>"; };
		5829D8E31AEDB24A00EE183F /* AppDelegate.swift */ = {isa = PBXFileReference; lastKnownFileType = sourcecode.swift; path = AppDelegate.swift; sourceTree = "<group>"; };
		5829D8E51AEDB24A00EE183F /* ViewController.swift */ = {isa = PBXFileReference; lastKnownFileType = sourcecode.swift; path = ViewController.swift; sourceTree = "<group>"; };
		5829D8E81AEDB24A00EE183F /* Base */ = {isa = PBXFileReference; lastKnownFileType = file.storyboard; name = Base; path = Base.lproj/Main.storyboard; sourceTree = "<group>"; };
		5829D8EA1AEDB24A00EE183F /* Images.xcassets */ = {isa = PBXFileReference; lastKnownFileType = folder.assetcatalog; path = Images.xcassets; sourceTree = "<group>"; };
		5829D8ED1AEDB24A00EE183F /* Base */ = {isa = PBXFileReference; lastKnownFileType = file.xib; name = Base; path = Base.lproj/LaunchScreen.xib; sourceTree = "<group>"; };
		5829D8F31AEDB24A00EE183F /* 99RedBalloonsTests.xctest */ = {isa = PBXFileReference; explicitFileType = wrapper.cfbundle; includeInIndex = 0; path = 99RedBalloonsTests.xctest; sourceTree = BUILT_PRODUCTS_DIR; };
		5829D8F81AEDB24A00EE183F /* Info.plist */ = {isa = PBXFileReference; lastKnownFileType = text.plist.xml; path = Info.plist; sourceTree = "<group>"; };
		5829D8F91AEDB24A00EE183F /* _9RedBalloonsTests.swift */ = {isa = PBXFileReference; lastKnownFileType = sourcecode.swift; path = _9RedBalloonsTests.swift; sourceTree = "<group>"; };
/* End PBXFileReference section */

/* Begin PBXFrameworksBuildPhase section */
		5829D8DB1AEDB24A00EE183F /* Frameworks */ = {
			isa = PBXFrameworksBuildPhase;
			buildActionMask = 2147483647;
			files = (
			);
			runOnlyForDeploymentPostprocessing = 0;
		};
		5829D8F01AEDB24A00EE183F /* Frameworks */ = {
			isa = PBXFrameworksBuildPhase;
			buildActionMask = 2147483647;
			files = (
			);
			runOnlyForDeploymentPostprocessing = 0;
		};
/* End PBXFrameworksBuildPhase section */

/* Begin PBXGroup section */
		5829D8D51AEDB24A00EE183F = {
			isa = PBXGroup;
			children = (
				5829D8E01AEDB24A00EE183F /* 99RedBalloons */,
				5829D8F61AEDB24A00EE183F /* 99RedBalloonsTests */,
				5829D8DF1AEDB24A00EE183F /* Products */,
			);
			sourceTree = "<group>";
		};
		5829D8DF1AEDB24A00EE183F /* Products */ = {
			isa = PBXGroup;
			children = (
				5829D8DE1AEDB24A00EE183F /* 99RedBalloons.app */,
				5829D8F31AEDB24A00EE183F /* 99RedBalloonsTests.xctest */,
			);
			name = Products;
			sourceTree = "<group>";
		};
		5829D8E01AEDB24A00EE183F /* 99RedBalloons */ = {
			isa = PBXGroup;
			children = (
				5829D8E31AEDB24A00EE183F /* AppDelegate.swift */,
				5829D8E51AEDB24A00EE183F /* ViewController.swift */,
				5829D8E71AEDB24A00EE183F /* Main.storyboard */,
				5829D8EA1AEDB24A00EE183F /* Images.xcassets */,
				5829D8EC1AEDB24A00EE183F /* LaunchScreen.xib */,
				5829D8E11AEDB24A00EE183F /* Supporting Files */,
			);
			path = 99RedBalloons;
			sourceTree = "<group>";
		};
		5829D8E11AEDB24A00EE183F /* Supporting Files */ = {
			isa = PBXGroup;
			children = (
				5829D8E21AEDB24A00EE183F /* Info.plist */,
			);
			name = "Supporting Files";
			sourceTree = "<group>";
		};
		5829D8F61AEDB24A00EE183F /* 99RedBalloonsTests */ = {
			isa = PBXGroup;
			children = (
				5829D8F91AEDB24A00EE183F /* _9RedBalloonsTests.swift */,
				5829D8F71AEDB24A00EE183F /* Supporting Files */,
			);
			path = 99RedBalloonsTests;
			sourceTree = "<group>";
		};
		5829D8F71AEDB24A00EE183F /* Supporting Files */ = {
			isa = PBXGroup;
			children = (
				5829D8F81AEDB24A00EE183F /* Info.plist */,
			);
			name = "Supporting Files";
			sourceTree = "<group>";
		};
/* End PBXGroup section */

/* Begin PBXNativeTarget section */
		5829D8DD1AEDB24A00EE183F /* 99RedBalloons */ = {
			isa = PBXNativeTarget;
			buildConfigurationList = 5829D8FD1AEDB24A00EE183F /* Build configuration list for PBXNativeTarget "99RedBalloons" */;
			buildPhases = (
				5829D8DA1AEDB24A00EE183F /* Sources */,
				5829D8DB1AEDB24A00EE183F /* Frameworks */,
				5829D8DC1AEDB24A00EE183F /* Resources */,
			);
			buildRules = (
			);
			dependencies = (
			);
			name = 99RedBalloons;
			productName = 99RedBalloons;
			productReference = 5829D8DE1AEDB24A00EE183F /* 99RedBalloons.app */;
			productType = "com.apple.product-type.application";
		};
		5829D8F21AEDB24A00EE183F /* 99RedBalloonsTests */ = {
			isa = PBXNativeTarget;
			buildConfigurationList = 5829D9001AEDB24A00EE183F /* Build configuration list for PBXNativeTarget "99RedBalloonsTests" */;
			buildPhases = (
				5829D8EF1AEDB24A00EE183F /* Sources */,
				5829D8F01AEDB24A00EE183F /* Frameworks */,
				5829D8F11AEDB24A00EE183F /* Resources */,
			);
			buildRules = (
			);
			dependencies = (
				5829D8F51AEDB24A00EE183F /* PBXTargetDependency */,
			);
			name = 99RedBalloonsTests;
			productName = 99RedBalloonsTests;
			productReference = 5829D8F31AEDB24A00EE183F /* 99RedBalloonsTests.xctest */;
			productType = "com.apple.product-type.bundle.unit-test";
		};
/* End PBXNativeTarget section */

/* Begin PBXProject section */
		5829D8D61AEDB24A00EE183F /* Project object */ = {
			isa = PBXProject;
			attributes = {
				LastUpgradeCheck = 0630;
				ORGANIZATIONNAME = "Morgan Le Gal";
				TargetAttributes = {
					5829D8DD1AEDB24A00EE183F = {
						CreatedOnToolsVersion = 6.3.1;
					};
					5829D8F21AEDB24A00EE183F = {
						CreatedOnToolsVersion = 6.3.1;
						TestTargetID = 5829D8DD1AEDB24A00EE183F;
					};
				};
			};
			buildConfigurationList = 5829D8D91AEDB24A00EE183F /* Build configuration list for PBXProject "99RedBalloons" */;
			compatibilityVersion = "Xcode 3.2";
			developmentRegion = English;
			hasScannedForEncodings = 0;
			knownRegions = (
				en,
				Base,
			);
			mainGroup = 5829D8D51AEDB24A00EE183F;
			productRefGroup = 5829D8DF1AEDB24A00EE183F /* Products */;
			projectDirPath = "";
			projectRoot = "";
			targets = (
				5829D8DD1AEDB24A00EE183F /* 99RedBalloons */,
				5829D8F21AEDB24A00EE183F /* 99RedBalloonsTests */,
			);
		};
/* End PBXProject section */

/* Begin PBXResourcesBuildPhase section */
		5829D8DC1AEDB24A00EE183F /* Resources */ = {
			isa = PBXResourcesBuildPhase;
			buildActionMask = 2147483647;
			files = (
				5829D8E91AEDB24A00EE183F /* Main.storyboard in Resources */,
				5829D8EE1AEDB24A00EE183F /* LaunchScreen.xib in Resources */,
				5829D8EB1AEDB24A00EE183F /* Images.xcassets in Resources */,
			);
			runOnlyForDeploymentPostprocessing = 0;
		};
		5829D8F11AEDB24A00EE183F /* Resources */ = {
			isa = PBXResourcesBuildPhase;
			buildActionMask = 2147483647;
			files = (
			);
			runOnlyForDeploymentPostprocessing = 0;
		};
/* End PBXResourcesBuildPhase section */

/* Begin PBXSourcesBuildPhase section */
		5829D8DA1AEDB24A00EE183F /* Sources */ = {
			isa = PBXSourcesBuildPhase;
			buildActionMask = 2147483647;
			files = (
				5829D8E61AEDB24A00EE183F /* ViewController.swift in Sources */,
				5829D8E41AEDB24A00EE183F /* AppDelegate.swift in Sources */,
			);
			runOnlyForDeploymentPostprocessing = 0;
		};
		5829D8EF1AEDB24A00EE183F /* Sources */ = {
			isa = PBXSourcesBuildPhase;
			buildActionMask = 2147483647;
			files = (
				5829D8FA1AEDB24A00EE183F /* _9RedBalloonsTests.swift in Sources */,
			);
			runOnlyForDeploymentPostprocessing = 0;
		};
/* End PBXSourcesBuildPhase section */

/* Begin PBXTargetDependency section */
		5829D8F51AEDB24A00EE183F /* PBXTargetDependency */ = {
			isa = PBXTargetDependency;
			target = 5829D8DD1AEDB24A00EE183F /* 99RedBalloons */;
			targetProxy = 5829D8F41AEDB24A00EE183F /* PBXContainerItemProxy */;
		};
/* End PBXTargetDependency section */

/* Begin PBXVariantGroup section */
		5829D8E71AEDB24A00EE183F /* Main.storyboard */ = {
			isa = PBXVariantGroup;
			children = (
				5829D8E81AEDB24A00EE183F /* Base */,
			);
			name = Main.storyboard;
			sourceTree = "<group>";
		};
		5829D8EC1AEDB24A00EE183F /* LaunchScreen.xib */ = {
			isa = PBXVariantGroup;
			children = (
				5829D8ED1AEDB24A00EE183F /* Base */,
			);
			name = LaunchScreen.xib;
			sourceTree = "<group>";
		};
/* End PBXVariantGroup section */

/* Begin XCBuildConfiguration section */
		5829D8FB1AEDB24A00EE183F /* Debug */ = {
			isa = XCBuildConfiguration;
			buildSettings = {
				ALWAYS_SEARCH_USER_PATHS = NO;
				CLANG_CXX_LANGUAGE_STANDARD = "gnu++0x";
				CLANG_CXX_LIBRARY = "libc++";
				CLANG_ENABLE_MODULES = YES;
				CLANG_ENABLE_OBJC_ARC = YES;
				CLANG_WARN_BOOL_CONVERSION = YES;
				CLANG_WARN_CONSTANT_CONVERSION = YES;
				CLANG_WARN_DIRECT_OBJC_ISA_USAGE = YES_ERROR;
				CLANG_WARN_EMPTY_BODY = YES;
				CLANG_WARN_ENUM_CONVERSION = YES;
				CLANG_WARN_INT_CONVERSION = YES;
				CLANG_WARN_OBJC_ROOT_CLASS = YES_ERROR;
				CLANG_WARN_UNREACHABLE_CODE = YES;
				CLANG_WARN__DUPLICATE_METHOD_MATCH = YES;
				"CODE_SIGN_IDENTITY[sdk=iphoneos*]" = "iPhone Developer";
				COPY_PHASE_STRIP = NO;
				DEBUG_INFORMATION_FORMAT = "dwarf-with-dsym";
				ENABLE_STRICT_OBJC_MSGSEND = YES;
				GCC_C_LANGUAGE_STANDARD = gnu99;
				GCC_DYNAMIC_NO_PIC = NO;
				GCC_NO_COMMON_BLOCKS = YES;
				GCC_OPTIMIZATION_LEVEL = 0;
				GCC_PREPROCESSOR_DEFINITIONS = (
					"DEBUG=1",
					"$(inherited)",
				);
				GCC_SYMBOLS_PRIVATE_EXTERN = NO;
				GCC_WARN_64_TO_32_BIT_CONVERSION = YES;
				GCC_WARN_ABOUT_RETURN_TYPE = YES_ERROR;
				GCC_WARN_UNDECLARED_SELECTOR = YES;
				GCC_WARN_UNINITIALIZED_AUTOS = YES_AGGRESSIVE;
				GCC_WARN_UNUSED_FUNCTION = YES;
				GCC_WARN_UNUSED_VARIABLE = YES;
				IPHONEOS_DEPLOYMENT_TARGET = 8.3;
				MTL_ENABLE_DEBUG_INFO = YES;
				ONLY_ACTIVE_ARCH = YES;
				SDKROOT = iphoneos;
				SWIFT_OPTIMIZATION_LEVEL = "-Onone";
				TARGETED_DEVICE_FAMILY = "1,2";
			};
			name = Debug;
		};
		5829D8FC1AEDB24A00EE183F /* Release */ = {
			isa = XCBuildConfiguration;
			buildSettings = {
				ALWAYS_SEARCH_USER_PATHS = NO;
				CLANG_CXX_LANGUAGE_STANDARD = "gnu++0x";
				CLANG_CXX_LIBRARY = "libc++";
				CLANG_ENABLE_MODULES = YES;
				CLANG_ENABLE_OBJC_ARC = YES;
				CLANG_WARN_BOOL_CONVERSION = YES;
				CLANG_WARN_CONSTANT_CONVERSION = YES;
				CLANG_WARN_DIRECT_OBJC_ISA_USAGE = YES_ERROR;
				CLANG_WARN_EMPTY_BODY = YES;
				CLANG_WARN_ENUM_CONVERSION = YES;
				CLANG_WARN_INT_CONVERSION = YES;
				CLANG_WARN_OBJC_ROOT_CLASS = YES_ERROR;
				CLANG_WARN_UNREACHABLE_CODE = YES;
				CLANG_WARN__DUPLICATE_METHOD_MATCH = YES;
				"CODE_SIGN_IDENTITY[sdk=iphoneos*]" = "iPhone Developer";
				COPY_PHASE_STRIP = NO;
				DEBUG_INFORMATION_FORMAT = "dwarf-with-dsym";
				ENABLE_NS_ASSERTIONS = NO;
				ENABLE_STRICT_OBJC_MSGSEND = YES;
				GCC_C_LANGUAGE_STANDARD = gnu99;
				GCC_NO_COMMON_BLOCKS = YES;
				GCC_WARN_64_TO_32_BIT_CONVERSION = YES;
				GCC_WARN_ABOUT_RETURN_TYPE = YES_ERROR;
				GCC_WARN_UNDECLARED_SELECTOR = YES;
				GCC_WARN_UNINITIALIZED_AUTOS = YES_AGGRESSIVE;
				GCC_WARN_UNUSED_FUNCTION = YES;
				GCC_WARN_UNUSED_VARIABLE = YES;
				IPHONEOS_DEPLOYMENT_TARGET = 8.3;
				MTL_ENABLE_DEBUG_INFO = NO;
				SDKROOT = iphoneos;
				TARGETED_DEVICE_FAMILY = "1,2";
				VALIDATE_PRODUCT = YES;
			};
			name = Release;
		};
		5829D8FE1AEDB24A00EE183F /* Debug */ = {
			isa = XCBuildConfiguration;
			buildSettings = {
				ASSETCATALOG_COMPILER_APPICON_NAME = AppIcon;
				INFOPLIST_FILE = 99RedBalloons/Info.plist;
				LD_RUNPATH_SEARCH_PATHS = "$(inherited) @executable_path/Frameworks";
				PRODUCT_NAME = "$(TARGET_NAME)";
			};
			name = Debug;
		};
		5829D8FF1AEDB24A00EE183F /* Release */ = {
			isa = XCBuildConfiguration;
			buildSettings = {
				ASSETCATALOG_COMPILER_APPICON_NAME = AppIcon;
				INFOPLIST_FILE = 99RedBalloons/Info.plist;
				LD_RUNPATH_SEARCH_PATHS = "$(inherited) @executable_path/Frameworks";
				PRODUCT_NAME = "$(TARGET_NAME)";
			};
			name = Release;
		};
		5829D9011AEDB24A00EE183F /* Debug */ = {
			isa = XCBuildConfiguration;
			buildSettings = {
				BUNDLE_LOADER = "$(TEST_HOST)";
				FRAMEWORK_SEARCH_PATHS = (
					"$(SDKROOT)/Developer/Library/Frameworks",
					"$(inherited)",
				);
				GCC_PREPROCESSOR_DEFINITIONS = (
					"DEBUG=1",
					"$(inherited)",
				);
				INFOPLIST_FILE = 99RedBalloonsTests/Info.plist;
				LD_RUNPATH_SEARCH_PATHS = "$(inherited) @executable_path/Frameworks @loader_path/Frameworks";
				PRODUCT_NAME = "$(TARGET_NAME)";
				TEST_HOST = "$(BUILT_PRODUCTS_DIR)/99RedBalloons.app/99RedBalloons";
			};
			name = Debug;
		};
		5829D9021AEDB24A00EE183F /* Release */ = {
			isa = XCBuildConfiguration;
			buildSettings = {
				BUNDLE_LOADER = "$(TEST_HOST)";
				FRAMEWORK_SEARCH_PATHS = (
					"$(SDKROOT)/Developer/Library/Frameworks",
					"$(inherited)",
				);
				INFOPLIST_FILE = 99RedBalloonsTests/Info.plist;
				LD_RUNPATH_SEARCH_PATHS = "$(inherited) @executable_path/Frameworks @loader_path/Frameworks";
				PRODUCT_NAME = "$(TARGET_NAME)";
				TEST_HOST = "$(BUILT_PRODUCTS_DIR)/99RedBalloons.app/99RedBalloons";
			};
			name = Release;
		};
/* End XCBuildConfiguration section */

/* Begin XCConfigurationList section */
		5829D8D91AEDB24A00EE183F /* Build configuration list for PBXProject "99RedBalloons" */ = {
			isa = XCConfigurationList;
			buildConfigurations = (
				5829D8FB1AEDB24A00EE183F /* Debug */,
				5829D8FC1AEDB24A00EE183F /* Release */,
			);
			defaultConfigurationIsVisible = 0;
			defaultConfigurationName = Release;
		};
		5829D8FD1AEDB24A00EE183F /* Build configuration list for PBXNativeTarget "99RedBalloons" */ = {
			isa = XCConfigurationList;
			buildConfigurations = (
				5829D8FE1AEDB24A00EE183F /* Debug */,
				5829D8FF1AEDB24A00EE183F /* Release */,
			);
			defaultConfigurationIsVisible = 0;
		};
		5829D9001AEDB24A00EE183F /* Build configuration list for PBXNativeTarget "99RedBalloonsTests" */ = {
			isa = XCConfigurationList;
			buildConfigurations = (
				5829D9011AEDB24A00EE183F /* Debug */,
				5829D9021AEDB24A00EE183F /* Release */,
			);
			defaultConfigurationIsVisible = 0;
		};
/* End XCConfigurationList section */
	};
	rootObject = 5829D8D61AEDB24A00EE183F /* Project object */;
}
